
Microsoft Visual Studio Solution File, Format Version 12.00
# Visual Studio Version 17
VisualStudioVersion = 17.0.32112.339
MinimumVisualStudioVersion = 10.0.40219.1
Project("{9A19103F-16F7-4668-BE54-9A1E7A4F7556}") = "Saritasa.CurrencyReader.CLI", "CurrencyReader\Saritasa.CurrencyReader.CLI.csproj", "{49F163BE-B44D-44AA-9087-5B7FC9E25D3D}"
EndProject
Project("{9A19103F-16F7-4668-BE54-9A1E7A4F7556}") = "Saritasa.CurrencyReader.Domain", "Domain\Saritasa.CurrencyReader.Domain.csproj", "{5AC80F9E-FB9B-44E0-854D-DFB35B7B2637}"
EndProject
Project("{9A19103F-16F7-4668-BE54-9A1E7A4F7556}") = "Saritasa.CurrencyReader.Infrastructure.Abstractions", "Infrustructure.Abstractions\Saritasa.CurrencyReader.Infrastructure.Abstractions.csproj", "{608A82A0-D965-4203-9CB4-AB0FDF2FD053}"
EndProject
Project("{9A19103F-16F7-4668-BE54-9A1E7A4F7556}") = "Saritasa.CurrencyReader.Infrastructure", "Infrustructure\Saritasa.CurrencyReader.Infrastructure.csproj", "{CF829826-E63D-4385-B6BC-30FE2CBD4A75}"
EndProject
Project("{9A19103F-16F7-4668-BE54-9A1E7A4F7556}") = "Saritasa.CurrencyReader.UseCases", "UseCases\Saritasa.CurrencyReader.UseCases.csproj", "{67A08E1E-CA14-4002-9D4F-AC82EB8BB0D9}"
EndProject
Global
	GlobalSection(SolutionConfigurationPlatforms) = preSolution
		Debug|Any CPU = Debug|Any CPU
		Release|Any CPU = Release|Any CPU
	EndGlobalSection
	GlobalSection(ProjectConfigurationPlatforms) = postSolution
		{49F163BE-B44D-44AA-9087-5B7FC9E25D3D}.Debug|Any CPU.ActiveCfg = Debug|Any CPU
		{49F163BE-B44D-44AA-9087-5B7FC9E25D3D}.Debug|Any CPU.Build.0 = Debug|Any CPU
		{49F163BE-B44D-44AA-9087-5B7FC9E25D3D}.Release|Any CPU.ActiveCfg = Release|Any CPU
		{49F163BE-B44D-44AA-9087-5B7FC9E25D3D}.Release|Any CPU.Build.0 = Release|Any CPU
		{5AC80F9E-FB9B-44E0-854D-DFB35B7B2637}.Debug|Any CPU.ActiveCfg = Debug|Any CPU
		{5AC80F9E-FB9B-44E0-854D-DFB35B7B2637}.Debug|Any CPU.Build.0 = Debug|Any CPU
		{5AC80F9E-FB9B-44E0-854D-DFB35B7B2637}.Release|Any CPU.ActiveCfg = Release|Any CPU
		{5AC80F9E-FB9B-44E0-854D-DFB35B7B2637}.Release|Any CPU.Build.0 = Release|Any CPU
		{608A82A0-D965-4203-9CB4-AB0FDF2FD053}.Debug|Any CPU.ActiveCfg = Debug|Any CPU
		{608A82A0-D965-4203-9CB4-AB0FDF2FD053}.Debug|Any CPU.Build.0 = Debug|Any CPU
		{608A82A0-D965-4203-9CB4-AB0FDF2FD053}.Release|Any CPU.ActiveCfg = Release|Any CPU
		{608A82A0-D965-4203-9CB4-AB0FDF2FD053}.Release|Any CPU.Build.0 = Release|Any CPU
		{CF829826-E63D-4385-B6BC-30FE2CBD4A75}.Debug|Any CPU.ActiveCfg = Debug|Any CPU
		{CF829826-E63D-4385-B6BC-30FE2CBD4A75}.Debug|Any CPU.Build.0 = Debug|Any CPU
		{CF829826-E63D-4385-B6BC-30FE2CBD4A75}.Release|Any CPU.ActiveCfg = Release|Any CPU
		{CF829826-E63D-4385-B6BC-30FE2CBD4A75}.Release|Any CPU.Build.0 = Release|Any CPU
		{67A08E1E-CA14-4002-9D4F-AC82EB8BB0D9}.Debug|Any CPU.ActiveCfg = Debug|Any CPU
		{67A08E1E-CA14-4002-9D4F-AC82EB8BB0D9}.Debug|Any CPU.Build.0 = Debug|Any CPU
		{67A08E1E-CA14-4002-9D4F-AC82EB8BB0D9}.Release|Any CPU.ActiveCfg = Release|Any CPU
		{67A08E1E-CA14-4002-9D4F-AC82EB8BB0D9}.Release|Any CPU.Build.0 = Release|Any CPU
	EndGlobalSection
	GlobalSection(SolutionProperties) = preSolution
		HideSolutionNode = FALSE
	EndGlobalSection
	GlobalSection(ExtensibilityGlobals) = postSolution
		SolutionGuid = {8D3C55A2-B7EE-4834-AD4D-028433246AD7}
	EndGlobalSection
EndGlobal
