
Microsoft Visual Studio Solution File, Format Version 12.00
# Visual Studio Version 17
VisualStudioVersion = 17.0.32112.339
MinimumVisualStudioVersion = 10.0.40219.1
Project("{9A19103F-16F7-4668-BE54-9A1E7A4F7556}") = "Saritasa.JiraDayIssues.CLI", "Saritasa.JiraDayIssues.CLI\Saritasa.JiraDayIssues.CLI.csproj", "{46B1E01E-E483-4337-A190-B824FCBB8F1E}"
EndProject
Project("{9A19103F-16F7-4668-BE54-9A1E7A4F7556}") = "Saritasa.JiraDayIssues.Domain", "Saritasa.JiraDayIssues.Domain\Saritasa.JiraDayIssues.Domain.csproj", "{E8905EE8-EE6F-4112-963F-3F23C48FDB39}"
EndProject
Project("{9A19103F-16F7-4668-BE54-9A1E7A4F7556}") = "Saritasa.JiraDayIssues.Infrastructure.Abstractions", "Saritasa.JiraDayIssues.Infrastructure.Abstractions\Saritasa.JiraDayIssues.Infrastructure.Abstractions.csproj", "{5250138B-7C66-4F98-AE04-6889864F7FC8}"
EndProject
Project("{9A19103F-16F7-4668-BE54-9A1E7A4F7556}") = "Saritasa.JiraDayIssues.Infrastructure", "Saritasa.JiraDayIssues.Infrastructure\Saritasa.JiraDayIssues.Infrastructure.csproj", "{B208CD49-402B-4262-B4A0-C5E6091E9A56}"
EndProject
Project("{9A19103F-16F7-4668-BE54-9A1E7A4F7556}") = "Saritasa.JiraDayIssues.Infrastructure.Common", "Saritasa.JiraDayIssues.Infrastructure.Common\Saritasa.JiraDayIssues.Infrastructure.Common.csproj", "{BD5D9CFF-A728-4B90-9DE5-7DA4A25AF4EF}"
EndProject
Project("{9A19103F-16F7-4668-BE54-9A1E7A4F7556}") = "Saritasa.JiraDayIssues.WPF", "Saritasa.JiraDayIssues.WPF\Saritasa.JiraDayIssues.WPF.csproj", "{CF48382A-1BA2-4A75-98AE-02BECF23FD86}"
EndProject
Project("{FAE04EC0-301F-11D3-BF4B-00C04F79EFBC}") = "Saritasa.JiraDayIssues.UseCases", "Saritasa.JiraDayIssues.UseCases\Saritasa.JiraDayIssues.UseCases.csproj", "{4AEE3F8E-8493-4507-904C-27DC9ADE3E86}"
EndProject
Global
	GlobalSection(SolutionConfigurationPlatforms) = preSolution
		Debug|Any CPU = Debug|Any CPU
		Release|Any CPU = Release|Any CPU
	EndGlobalSection
	GlobalSection(ProjectConfigurationPlatforms) = postSolution
		{46B1E01E-E483-4337-A190-B824FCBB8F1E}.Debug|Any CPU.ActiveCfg = Debug|Any CPU
		{46B1E01E-E483-4337-A190-B824FCBB8F1E}.Debug|Any CPU.Build.0 = Debug|Any CPU
		{46B1E01E-E483-4337-A190-B824FCBB8F1E}.Release|Any CPU.ActiveCfg = Release|Any CPU
		{46B1E01E-E483-4337-A190-B824FCBB8F1E}.Release|Any CPU.Build.0 = Release|Any CPU
		{E8905EE8-EE6F-4112-963F-3F23C48FDB39}.Debug|Any CPU.ActiveCfg = Debug|Any CPU
		{E8905EE8-EE6F-4112-963F-3F23C48FDB39}.Debug|Any CPU.Build.0 = Debug|Any CPU
		{E8905EE8-EE6F-4112-963F-3F23C48FDB39}.Release|Any CPU.ActiveCfg = Release|Any CPU
		{E8905EE8-EE6F-4112-963F-3F23C48FDB39}.Release|Any CPU.Build.0 = Release|Any CPU
		{5250138B-7C66-4F98-AE04-6889864F7FC8}.Debug|Any CPU.ActiveCfg = Debug|Any CPU
		{5250138B-7C66-4F98-AE04-6889864F7FC8}.Debug|Any CPU.Build.0 = Debug|Any CPU
		{5250138B-7C66-4F98-AE04-6889864F7FC8}.Release|Any CPU.ActiveCfg = Release|Any CPU
		{5250138B-7C66-4F98-AE04-6889864F7FC8}.Release|Any CPU.Build.0 = Release|Any CPU
		{B208CD49-402B-4262-B4A0-C5E6091E9A56}.Debug|Any CPU.ActiveCfg = Debug|Any CPU
		{B208CD49-402B-4262-B4A0-C5E6091E9A56}.Debug|Any CPU.Build.0 = Debug|Any CPU
		{B208CD49-402B-4262-B4A0-C5E6091E9A56}.Release|Any CPU.ActiveCfg = Release|Any CPU
		{B208CD49-402B-4262-B4A0-C5E6091E9A56}.Release|Any CPU.Build.0 = Release|Any CPU
		{BD5D9CFF-A728-4B90-9DE5-7DA4A25AF4EF}.Debug|Any CPU.ActiveCfg = Debug|Any CPU
		{BD5D9CFF-A728-4B90-9DE5-7DA4A25AF4EF}.Debug|Any CPU.Build.0 = Debug|Any CPU
		{BD5D9CFF-A728-4B90-9DE5-7DA4A25AF4EF}.Release|Any CPU.ActiveCfg = Release|Any CPU
		{BD5D9CFF-A728-4B90-9DE5-7DA4A25AF4EF}.Release|Any CPU.Build.0 = Release|Any CPU
		{CF48382A-1BA2-4A75-98AE-02BECF23FD86}.Debug|Any CPU.ActiveCfg = Debug|Any CPU
		{CF48382A-1BA2-4A75-98AE-02BECF23FD86}.Debug|Any CPU.Build.0 = Debug|Any CPU
		{CF48382A-1BA2-4A75-98AE-02BECF23FD86}.Release|Any CPU.ActiveCfg = Release|Any CPU
		{CF48382A-1BA2-4A75-98AE-02BECF23FD86}.Release|Any CPU.Build.0 = Release|Any CPU
		{4AEE3F8E-8493-4507-904C-27DC9ADE3E86}.Debug|Any CPU.ActiveCfg = Debug|Any CPU
		{4AEE3F8E-8493-4507-904C-27DC9ADE3E86}.Debug|Any CPU.Build.0 = Debug|Any CPU
		{4AEE3F8E-8493-4507-904C-27DC9ADE3E86}.Release|Any CPU.ActiveCfg = Release|Any CPU
		{4AEE3F8E-8493-4507-904C-27DC9ADE3E86}.Release|Any CPU.Build.0 = Release|Any CPU
	EndGlobalSection
	GlobalSection(SolutionProperties) = preSolution
		HideSolutionNode = FALSE
	EndGlobalSection
	GlobalSection(ExtensibilityGlobals) = postSolution
		SolutionGuid = {EC32DFD8-73D7-4B1F-9077-1B2EE8924648}
	EndGlobalSection
EndGlobal
